Microsoft Visual Studio Solution File, Format Version 12.00
# Visual Studio Version 17
VisualStudioVersion = 17.0.31903.59
MinimumVisualStudioVersion = 10.0.40219.1
Project("{FAE04EC0-301F-11D3-BF4B-00C04F79EFBC}") = "Claims.AppHost", "src/Claims.AppHost/Claims.AppHost.csproj", "{B0A0C0A1-0000-4000-9000-000000000001}"
EndProject
Project("{FAE04EC0-301F-11D3-BF4B-00C04F79EFBC}") = "Claims.Web", "src/Claims.Web/Claims.Web.csproj", "{B0A0C0A1-0000-4000-9000-000000000002}"
EndProject
Project("{FAE04EC0-301F-11D3-BF4B-00C04F79EFBC}") = "Claims.Bff", "src/Claims.Bff/Claims.Bff.csproj", "{B0A0C0A1-0000-4000-9000-000000000003}"
EndProject
Project("{FAE04EC0-301F-11D3-BF4B-00C04F79EFBC}") = "Claims.Api", "src/Claims.Api/Claims.Api.csproj", "{B0A0C0A1-0000-4000-9000-000000000004}"
EndProject
Project("{FAE04EC0-301F-11D3-BF4B-00C04F79EFBC}") = "Claims.Contracts", "src/Claims.Contracts/Claims.Contracts.csproj", "{B0A0C0A1-0000-4000-9000-000000000005}"
EndProject
Project("{FAE04EC0-301F-11D3-BF4B-00C04F79EFBC}") = "Claims.Workflow.Functions", "src/Claims.Workflow.Functions/Claims.Workflow.Functions.csproj", "{B0A0C0A1-0000-4000-9000-000000000006}"
EndProject
Project("{FAE04EC0-301F-11D3-BF4B-00C04F79EFBC}") = "Claims.Notification.Function", "src/Claims.Notification.Function/Claims.Notification.Function.csproj", "{B0A0C0A1-0000-4000-9000-000000000007}"
EndProject
Project("{FAE04EC0-301F-11D3-BF4B-00C04F79EFBC}") = "Claims.PaymentGateway.Api", "src/Claims.PaymentGateway.Api/Claims.PaymentGateway.Api.csproj", "{B0A0C0A1-0000-4000-9000-000000000008}"
EndProject
Project("{FAE04EC0-301F-11D3-BF4B-00C04F79EFBC}") = "Claims.DocumentProcessing.Api", "src/Claims.DocumentProcessing.Api/Claims.DocumentProcessing.Api.csproj", "{B0A0C0A1-0000-4000-9000-000000000009}"
EndProject
Project("{FAE04EC0-301F-11D3-BF4B-00C04F79EFBC}") = "Claims.Registration.Mock.Api", "src/Claims.Registration.Mock.Api/Claims.Registration.Mock.Api.csproj", "{B0A0C0A1-0000-4000-9000-000000000010}"
EndProject
Project("{FAE04EC0-301F-11D3-BF4B-00C04F79EFBC}") = "Claims.Policy.Mock.Api", "src/Claims.Policy.Mock.Api/Claims.Policy.Mock.Api.csproj", "{B0A0C0A1-0000-4000-9000-000000000011}"
EndProject
Project("{FAE04EC0-301F-11D3-BF4B-00C04F79EFBC}") = "Claims.Rules.Mock.Api", "src/Claims.Rules.Mock.Api/Claims.Rules.Mock.Api.csproj", "{B0A0C0A1-0000-4000-9000-000000000012}"
EndProject
Project("{FAE04EC0-301F-11D3-BF4B-00C04F79EFBC}") = "Claims.Fraud.Mock.Api", "src/Claims.Fraud.Mock.Api/Claims.Fraud.Mock.Api.csproj", "{B0A0C0A1-0000-4000-9000-000000000013}"
EndProject
Project("{FAE04EC0-301F-11D3-BF4B-00C04F79EFBC}") = "Claims.PaymentProvider.Mock.Api", "src/Claims.PaymentProvider.Mock.Api/Claims.PaymentProvider.Mock.Api.csproj", "{B0A0C0A1-0000-4000-9000-000000000014}"
EndProject
Project("{FAE04EC0-301F-11D3-BF4B-00C04F79EFBC}") = "Claims.Tests", "tests/Claims.Tests/Claims.Tests.csproj", "{B0A0C0A1-0000-4000-9000-000000000015}"
EndProject
Global
	GlobalSection(SolutionConfigurationPlatforms) = preSolution
		Debug|Any CPU = Debug|Any CPU
		Release|Any CPU = Release|Any CPU
	EndGlobalSection
	GlobalSection(ProjectConfigurationPlatforms) = postSolution
		{B0A0C0A1-0000-4000-9000-000000000001}.Debug|Any CPU.ActiveCfg = Debug|Any CPU
		{B0A0C0A1-0000-4000-9000-000000000001}.Debug|Any CPU.Build.0 = Debug|Any CPU
		{B0A0C0A1-0000-4000-9000-000000000001}.Release|Any CPU.ActiveCfg = Release|Any CPU
		{B0A0C0A1-0000-4000-9000-000000000001}.Release|Any CPU.Build.0 = Release|Any CPU
		{B0A0C0A1-0000-4000-9000-000000000002}.Debug|Any CPU.ActiveCfg = Debug|Any CPU
		{B0A0C0A1-0000-4000-9000-000000000002}.Debug|Any CPU.Build.0 = Debug|Any CPU
		{B0A0C0A1-0000-4000-9000-000000000002}.Release|Any CPU.ActiveCfg = Release|Any CPU
		{B0A0C0A1-0000-4000-9000-000000000002}.Release|Any CPU.Build.0 = Release|Any CPU
		{B0A0C0A1-0000-4000-9000-000000000003}.Debug|Any CPU.ActiveCfg = Debug|Any CPU
		{B0A0C0A1-0000-4000-9000-000000000003}.Debug|Any CPU.Build.0 = Debug|Any CPU
		{B0A0C0A1-0000-4000-9000-000000000003}.Release|Any CPU.ActiveCfg = Release|Any CPU
		{B0A0C0A1-0000-4000-9000-000000000003}.Release|Any CPU.Build.0 = Release|Any CPU
		{B0A0C0A1-0000-4000-9000-000000000004}.Debug|Any CPU.ActiveCfg = Debug|Any CPU
		{B0A0C0A1-0000-4000-9000-000000000004}.Debug|Any CPU.Build.0 = Debug|Any CPU
		{B0A0C0A1-0000-4000-9000-000000000004}.Release|Any CPU.ActiveCfg = Release|Any CPU
		{B0A0C0A1-0000-4000-9000-000000000004}.Release|Any CPU.Build.0 = Release|Any CPU
		{B0A0C0A1-0000-4000-9000-000000000005}.Debug|Any CPU.ActiveCfg = Debug|Any CPU
		{B0A0C0A1-0000-4000-9000-000000000005}.Debug|Any CPU.Build.0 = Debug|Any CPU
		{B0A0C0A1-0000-4000-9000-000000000005}.Release|Any CPU.ActiveCfg = Release|Any CPU
		{B0A0C0A1-0000-4000-9000-000000000005}.Release|Any CPU.Build.0 = Release|Any CPU
		{B0A0C0A1-0000-4000-9000-000000000006}.Debug|Any CPU.ActiveCfg = Debug|Any CPU
		{B0A0C0A1-0000-4000-9000-000000000006}.Debug|Any CPU.Build.0 = Debug|Any CPU
		{B0A0C0A1-0000-4000-9000-000000000006}.Release|Any CPU.ActiveCfg = Release|Any CPU
		{B0A0C0A1-0000-4000-9000-000000000006}.Release|Any CPU.Build.0 = Release|Any CPU
		{B0A0C0A1-0000-4000-9000-000000000007}.Debug|Any CPU.ActiveCfg = Debug|Any CPU
		{B0A0C0A1-0000-4000-9000-000000000007}.Debug|Any CPU.Build.0 = Debug|Any CPU
		{B0A0C0A1-0000-4000-9000-000000000007}.Release|Any CPU.ActiveCfg = Release|Any CPU
		{B0A0C0A1-0000-4000-9000-000000000007}.Release|Any CPU.Build.0 = Release|Any CPU
		{B0A0C0A1-0000-4000-9000-000000000008}.Debug|Any CPU.ActiveCfg = Debug|Any CPU
		{B0A0C0A1-0000-4000-9000-000000000008}.Debug|Any CPU.Build.0 = Debug|Any CPU
		{B0A0C0A1-0000-4000-9000-000000000008}.Release|Any CPU.ActiveCfg = Release|Any CPU
		{B0A0C0A1-0000-4000-9000-000000000008}.Release|Any CPU.Build.0 = Release|Any CPU
		{B0A0C0A1-0000-4000-9000-000000000009}.Debug|Any CPU.ActiveCfg = Debug|Any CPU
		{B0A0C0A1-0000-4000-9000-000000000009}.Debug|Any CPU.Build.0 = Debug|Any CPU
		{B0A0C0A1-0000-4000-9000-000000000009}.Release|Any CPU.ActiveCfg = Release|Any CPU
		{B0A0C0A1-0000-4000-9000-000000000009}.Release|Any CPU.Build.0 = Release|Any CPU
		{B0A0C0A1-0000-4000-9000-000000000010}.Debug|Any CPU.ActiveCfg = Debug|Any CPU
		{B0A0C0A1-0000-4000-9000-000000000010}.Debug|Any CPU.Build.0 = Debug|Any CPU
		{B0A0C0A1-0000-4000-9000-000000000010}.Release|Any CPU.ActiveCfg = Release|Any CPU
		{B0A0C0A1-0000-4000-9000-000000000010}.Release|Any CPU.Build.0 = Release|Any CPU
		{B0A0C0A1-0000-4000-9000-000000000011}.Debug|Any CPU.ActiveCfg = Debug|Any CPU
		{B0A0C0A1-0000-4000-9000-000000000011}.Debug|Any CPU.Build.0 = Debug|Any CPU
		{B0A0C0A1-0000-4000-9000-000000000011}.Release|Any CPU.ActiveCfg = Release|Any CPU
		{B0A0C0A1-0000-4000-9000-000000000011}.Release|Any CPU.Build.0 = Release|Any CPU
		{B0A0C0A1-0000-4000-9000-000000000012}.Debug|Any CPU.ActiveCfg = Debug|Any CPU
		{B0A0C0A1-0000-4000-9000-000000000012}.Debug|Any CPU.Build.0 = Debug|Any CPU
		{B0A0C0A1-0000-4000-9000-000000000012}.Release|Any CPU.ActiveCfg = Release|Any CPU
		{B0A0C0A1-0000-4000-9000-000000000012}.Release|Any CPU.Build.0 = Release|Any CPU
		{B0A0C0A1-0000-4000-9000-000000000013}.Debug|Any CPU.ActiveCfg = Debug|Any CPU
		{B0A0C0A1-0000-4000-9000-000000000013}.Debug|Any CPU.Build.0 = Debug|Any CPU
		{B0A0C0A1-0000-4000-9000-000000000013}.Release|Any CPU.ActiveCfg = Release|Any CPU
		{B0A0C0A1-0000-4000-9000-000000000013}.Release|Any CPU.Build.0 = Release|Any CPU
		{B0A0C0A1-0000-4000-9000-000000000014}.Debug|Any CPU.ActiveCfg = Debug|Any CPU
		{B0A0C0A1-0000-4000-9000-000000000014}.Debug|Any CPU.Build.0 = Debug|Any CPU
		{B0A0C0A1-0000-4000-9000-000000000014}.Release|Any CPU.ActiveCfg = Release|Any CPU
		{B0A0C0A1-0000-4000-9000-000000000014}.Release|Any CPU.Build.0 = Release|Any CPU
		{B0A0C0A1-0000-4000-9000-000000000015}.Debug|Any CPU.ActiveCfg = Debug|Any CPU
		{B0A0C0A1-0000-4000-9000-000000000015}.Debug|Any CPU.Build.0 = Debug|Any CPU
		{B0A0C0A1-0000-4000-9000-000000000015}.Release|Any CPU.ActiveCfg = Release|Any CPU
		{B0A0C0A1-0000-4000-9000-000000000015}.Release|Any CPU.Build.0 = Release|Any CPU
	EndGlobalSection
	GlobalSection(SolutionProperties) = preSolution
		HideSolutionNode = FALSE
	EndGlobalSection
EndGlobal
